// !$*UTF8*$!
{
	archiveVersion = 1;
	classes = {
	};
	objectVersion = 56;
	objects = {

/* Begin PBXBuildFile section */
		5B2D0EF12957493800376F77 /* AppDelegate.swift in Sources */ = {isa = PBXBuildFile; fileRef = 5B2D0EF02957493800376F77 /* AppDelegate.swift */; };
		5B2D0EF32957493800376F77 /* SceneDelegate.swift in Sources */ = {isa = PBXBuildFile; fileRef = 5B2D0EF22957493800376F77 /* SceneDelegate.swift */; };
		5B2D0EF52957493800376F77 /* MainController.swift in Sources */ = {isa = PBXBuildFile; fileRef = 5B2D0EF42957493800376F77 /* MainController.swift */; };
		5B2D0EFB2957493800376F77 /* spendTrack.xcdatamodeld in Sources */ = {isa = PBXBuildFile; fileRef = 5B2D0EF92957493800376F77 /* spendTrack.xcdatamodeld */; };
		5B2D0EFD2957493B00376F77 /* Assets.xcassets in Resources */ = {isa = PBXBuildFile; fileRef = 5B2D0EFC2957493B00376F77 /* Assets.xcassets */; };
		5B2D0F002957493B00376F77 /* LaunchScreen.storyboard in Resources */ = {isa = PBXBuildFile; fileRef = 5B2D0EFE2957493B00376F77 /* LaunchScreen.storyboard */; };
		5B2D0F1029574AB400376F77 /* MainView.swift in Sources */ = {isa = PBXBuildFile; fileRef = 5B2D0F0F29574AB400376F77 /* MainView.swift */; };
		5B2D0F1329574AF300376F77 /* MainViewModel.swift in Sources */ = {isa = PBXBuildFile; fileRef = 5B2D0F1229574AF300376F77 /* MainViewModel.swift */; };
		5B2D0F1629574C0D00376F77 /* UIView+Extension.swift in Sources */ = {isa = PBXBuildFile; fileRef = 5B2D0F1529574C0D00376F77 /* UIView+Extension.swift */; };
		5B2D0F1829574EB900376F77 /* TransactionCell.swift in Sources */ = {isa = PBXBuildFile; fileRef = 5B2D0F1729574EB900376F77 /* TransactionCell.swift */; };
		5B2D0F1A29574F6E00376F77 /* TransactionsTableView.swift in Sources */ = {isa = PBXBuildFile; fileRef = 5B2D0F1929574F6E00376F77 /* TransactionsTableView.swift */; };
		5B2D0F1F29575B7A00376F77 /* NewSpendController.swift in Sources */ = {isa = PBXBuildFile; fileRef = 5B2D0F1E29575B7A00376F77 /* NewSpendController.swift */; };
		5B2D0F2129575B9A00376F77 /* NewSpendView.swift in Sources */ = {isa = PBXBuildFile; fileRef = 5B2D0F2029575B9A00376F77 /* NewSpendView.swift */; };
		5B2D0F2329577B7D00376F77 /* CategoryCollectionView.swift in Sources */ = {isa = PBXBuildFile; fileRef = 5B2D0F2229577B7D00376F77 /* CategoryCollectionView.swift */; };
		5B2D0F2529577BCE00376F77 /* CategoryCell.swift in Sources */ = {isa = PBXBuildFile; fileRef = 5B2D0F2429577BCE00376F77 /* CategoryCell.swift */; };
		5B2D0F272957845900376F77 /* Resources.swift in Sources */ = {isa = PBXBuildFile; fileRef = 5B2D0F262957845900376F77 /* Resources.swift */; };
/* End PBXBuildFile section */

/* Begin PBXFileReference section */
		5B2D0EED2957493800376F77 /* spendTrack.app */ = {isa = PBXFileReference; explicitFileType = wrapper.application; includeInIndex = 0; path = spendTrack.app; sourceTree = BUILT_PRODUCTS_DIR; };
		5B2D0EF02957493800376F77 /* AppDelegate.swift */ = {isa = PBXFileReference; lastKnownFileType = sourcecode.swift; path = AppDelegate.swift; sourceTree = "<group>"; };
		5B2D0EF22957493800376F77 /* SceneDelegate.swift */ = {isa = PBXFileReference; lastKnownFileType = sourcecode.swift; path = SceneDelegate.swift; sourceTree = "<group>"; };
		5B2D0EF42957493800376F77 /* MainController.swift */ = {isa = PBXFileReference; lastKnownFileType = sourcecode.swift; path = MainController.swift; sourceTree = "<group>"; };
		5B2D0EFA2957493800376F77 /* spendTrack.xcdatamodel */ = {isa = PBXFileReference; lastKnownFileType = wrapper.xcdatamodel; path = spendTrack.xcdatamodel; sourceTree = "<group>"; };
		5B2D0EFC2957493B00376F77 /* Assets.xcassets */ = {isa = PBXFileReference; lastKnownFileType = folder.assetcatalog; path = Assets.xcassets; sourceTree = "<group>"; };
		5B2D0EFF2957493B00376F77 /* Base */ = {isa = PBXFileReference; lastKnownFileType = file.storyboard; name = Base; path = Base.lproj/LaunchScreen.storyboard; sourceTree = "<group>"; };
		5B2D0F012957493B00376F77 /* Info.plist */ = {isa = PBXFileReference; lastKnownFileType = text.plist.xml; path = Info.plist; sourceTree = "<group>"; };
		5B2D0F0F29574AB400376F77 /* MainView.swift */ = {isa = PBXFileReference; lastKnownFileType = sourcecode.swift; path = MainView.swift; sourceTree = "<group>"; };
		5B2D0F1229574AF300376F77 /* MainViewModel.swift */ = {isa = PBXFileReference; lastKnownFileType = sourcecode.swift; path = MainViewModel.swift; sourceTree = "<group>"; };
		5B2D0F1529574C0D00376F77 /* UIView+Extension.swift */ = {isa = PBXFileReference; lastKnownFileType = sourcecode.swift; path = "UIView+Extension.swift"; sourceTree = "<group>"; };
		5B2D0F1729574EB900376F77 /* TransactionCell.swift */ = {isa = PBXFileReference; lastKnownFileType = sourcecode.swift; path = TransactionCell.swift; sourceTree = "<group>"; };
		5B2D0F1929574F6E00376F77 /* TransactionsTableView.swift */ = {isa = PBXFileReference; lastKnownFileType = sourcecode.swift; path = TransactionsTableView.swift; sourceTree = "<group>"; };
		5B2D0F1E29575B7A00376F77 /* NewSpendController.swift */ = {isa = PBXFileReference; lastKnownFileType = sourcecode.swift; path = NewSpendController.swift; sourceTree = "<group>"; };
		5B2D0F2029575B9A00376F77 /* NewSpendView.swift */ = {isa = PBXFileReference; lastKnownFileType = sourcecode.swift; path = NewSpendView.swift; sourceTree = "<group>"; };
		5B2D0F2229577B7D00376F77 /* CategoryCollectionView.swift */ = {isa = PBXFileReference; lastKnownFileType = sourcecode.swift; path = CategoryCollectionView.swift; sourceTree = "<group>"; };
		5B2D0F2429577BCE00376F77 /* CategoryCell.swift */ = {isa = PBXFileReference; lastKnownFileType = sourcecode.swift; path = CategoryCell.swift; sourceTree = "<group>"; };
		5B2D0F262957845900376F77 /* Resources.swift */ = {isa = PBXFileReference; lastKnownFileType = sourcecode.swift; path = Resources.swift; sourceTree = "<group>"; };
/* End PBXFileReference section */

/* Begin PBXFrameworksBuildPhase section */
		5B2D0EEA2957493800376F77 /* Frameworks */ = {
			isa = PBXFrameworksBuildPhase;
			buildActionMask = 2147483647;
			files = (
			);
			runOnlyForDeploymentPostprocessing = 0;
		};
/* End PBXFrameworksBuildPhase section */

/* Begin PBXGroup section */
		5B2D0EE42957493800376F77 = {
			isa = PBXGroup;
			children = (
				5B2D0EEF2957493800376F77 /* spendTrack */,
				5B2D0EEE2957493800376F77 /* Products */,
			);
			sourceTree = "<group>";
		};
		5B2D0EEE2957493800376F77 /* Products */ = {
			isa = PBXGroup;
			children = (
				5B2D0EED2957493800376F77 /* spendTrack.app */,
			);
			name = Products;
			sourceTree = "<group>";
		};
		5B2D0EEF2957493800376F77 /* spendTrack */ = {
			isa = PBXGroup;
			children = (
				5B2D0F1B29575B5A00376F77 /* NewSpend Module */,
				5B2D0F0729574A2000376F77 /* Application */,
				5B2D0F0929574A5A00376F77 /* Main Module */,
				5B2D0F0B29574A6800376F77 /* Resources */,
				5B2D0F0A29574A6000376F77 /* View */,
				5B2D0F0829574A2E00376F77 /* Supporting files */,
				5B2D0F1429574BFF00376F77 /* Extensions */,
				5B2D0EF92957493800376F77 /* spendTrack.xcdatamodeld */,
			);
			path = spendTrack;
			sourceTree = "<group>";
		};
		5B2D0F0729574A2000376F77 /* Application */ = {
			isa = PBXGroup;
			children = (
				5B2D0EF02957493800376F77 /* AppDelegate.swift */,
				5B2D0EF22957493800376F77 /* SceneDelegate.swift */,
			);
			path = Application;
			sourceTree = "<group>";
		};
		5B2D0F0829574A2E00376F77 /* Supporting files */ = {
			isa = PBXGroup;
			children = (
				5B2D0F012957493B00376F77 /* Info.plist */,
			);
			path = "Supporting files";
			sourceTree = "<group>";
		};
		5B2D0F0929574A5A00376F77 /* Main Module */ = {
			isa = PBXGroup;
			children = (
				5B2D0F1129574AE900376F77 /* ViewModel */,
				5B2D0F0E29574A8100376F77 /* Controller */,
				5B2D0F0D29574A7C00376F77 /* View */,
				5B2D0F0C29574A7500376F77 /* Model */,
			);
			path = "Main Module";
			sourceTree = "<group>";
		};
		5B2D0F0A29574A6000376F77 /* View */ = {
			isa = PBXGroup;
			children = (
				5B2D0EFE2957493B00376F77 /* LaunchScreen.storyboard */,
			);
			path = View;
			sourceTree = "<group>";
		};
		5B2D0F0B29574A6800376F77 /* Resources */ = {
			isa = PBXGroup;
			children = (
				5B2D0EFC2957493B00376F77 /* Assets.xcassets */,
				5B2D0F262957845900376F77 /* Resources.swift */,
			);
			path = Resources;
			sourceTree = "<group>";
		};
		5B2D0F0C29574A7500376F77 /* Model */ = {
			isa = PBXGroup;
			children = (
			);
			path = Model;
			sourceTree = "<group>";
		};
		5B2D0F0D29574A7C00376F77 /* View */ = {
			isa = PBXGroup;
			children = (
				5B2D0F0F29574AB400376F77 /* MainView.swift */,
				5B2D0F1729574EB900376F77 /* TransactionCell.swift */,
				5B2D0F1929574F6E00376F77 /* TransactionsTableView.swift */,
			);
			path = View;
			sourceTree = "<group>";
		};
		5B2D0F0E29574A8100376F77 /* Controller */ = {
			isa = PBXGroup;
			children = (
				5B2D0EF42957493800376F77 /* MainController.swift */,
			);
			path = Controller;
			sourceTree = "<group>";
		};
		5B2D0F1129574AE900376F77 /* ViewModel */ = {
			isa = PBXGroup;
			children = (
				5B2D0F1229574AF300376F77 /* MainViewModel.swift */,
			);
			path = ViewModel;
			sourceTree = "<group>";
		};
		5B2D0F1429574BFF00376F77 /* Extensions */ = {
			isa = PBXGroup;
			children = (
				5B2D0F1529574C0D00376F77 /* UIView+Extension.swift */,
			);
			path = Extensions;
			sourceTree = "<group>";
		};
		5B2D0F1B29575B5A00376F77 /* NewSpend Module */ = {
			isa = PBXGroup;
			children = (
				5B2D0F1D29575B6D00376F77 /* Controller */,
				5B2D0F1C29575B6400376F77 /* View */,
			);
			path = "NewSpend Module";
			sourceTree = "<group>";
		};
		5B2D0F1C29575B6400376F77 /* View */ = {
			isa = PBXGroup;
			children = (
				5B2D0F2029575B9A00376F77 /* NewSpendView.swift */,
				5B2D0F2229577B7D00376F77 /* CategoryCollectionView.swift */,
				5B2D0F2429577BCE00376F77 /* CategoryCell.swift */,
			);
			path = View;
			sourceTree = "<group>";
		};
		5B2D0F1D29575B6D00376F77 /* Controller */ = {
			isa = PBXGroup;
			children = (
				5B2D0F1E29575B7A00376F77 /* NewSpendController.swift */,
			);
			path = Controller;
			sourceTree = "<group>";
		};
/* End PBXGroup section */

/* Begin PBXNativeTarget section */
		5B2D0EEC2957493800376F77 /* spendTrack */ = {
			isa = PBXNativeTarget;
			buildConfigurationList = 5B2D0F042957493B00376F77 /* Build configuration list for PBXNativeTarget "spendTrack" */;
			buildPhases = (
				5B2D0EE92957493800376F77 /* Sources */,
				5B2D0EEA2957493800376F77 /* Frameworks */,
				5B2D0EEB2957493800376F77 /* Resources */,
			);
			buildRules = (
			);
			dependencies = (
			);
			name = spendTrack;
			productName = spendTrack;
			productReference = 5B2D0EED2957493800376F77 /* spendTrack.app */;
			productType = "com.apple.product-type.application";
		};
/* End PBXNativeTarget section */

/* Begin PBXProject section */
		5B2D0EE52957493800376F77 /* Project object */ = {
			isa = PBXProject;
			attributes = {
				BuildIndependentTargetsInParallel = 1;
				LastSwiftUpdateCheck = 1400;
				LastUpgradeCheck = 1400;
				TargetAttributes = {
					5B2D0EEC2957493800376F77 = {
						CreatedOnToolsVersion = 14.0;
					};
				};
			};
			buildConfigurationList = 5B2D0EE82957493800376F77 /* Build configuration list for PBXProject "spendTrack" */;
			compatibilityVersion = "Xcode 14.0";
			developmentRegion = en;
			hasScannedForEncodings = 0;
			knownRegions = (
				en,
				Base,
			);
			mainGroup = 5B2D0EE42957493800376F77;
			productRefGroup = 5B2D0EEE2957493800376F77 /* Products */;
			projectDirPath = "";
			projectRoot = "";
			targets = (
				5B2D0EEC2957493800376F77 /* spendTrack */,
			);
		};
/* End PBXProject section */

/* Begin PBXResourcesBuildPhase section */
		5B2D0EEB2957493800376F77 /* Resources */ = {
			isa = PBXResourcesBuildPhase;
			buildActionMask = 2147483647;
			files = (
				5B2D0F002957493B00376F77 /* LaunchScreen.storyboard in Resources */,
				5B2D0EFD2957493B00376F77 /* Assets.xcassets in Resources */,
			);
			runOnlyForDeploymentPostprocessing = 0;
		};
/* End PBXResourcesBuildPhase section */

/* Begin PBXSourcesBuildPhase section */
		5B2D0EE92957493800376F77 /* Sources */ = {
			isa = PBXSourcesBuildPhase;
			buildActionMask = 2147483647;
			files = (
				5B2D0F2529577BCE00376F77 /* CategoryCell.swift in Sources */,
				5B2D0F1A29574F6E00376F77 /* TransactionsTableView.swift in Sources */,
				5B2D0EF52957493800376F77 /* MainController.swift in Sources */,
				5B2D0F1629574C0D00376F77 /* UIView+Extension.swift in Sources */,
				5B2D0EF12957493800376F77 /* AppDelegate.swift in Sources */,
				5B2D0EFB2957493800376F77 /* spendTrack.xcdatamodeld in Sources */,
				5B2D0F1F29575B7A00376F77 /* NewSpendController.swift in Sources */,
				5B2D0F2129575B9A00376F77 /* NewSpendView.swift in Sources */,
				5B2D0F1029574AB400376F77 /* MainView.swift in Sources */,
				5B2D0F272957845900376F77 /* Resources.swift in Sources */,
				5B2D0F2329577B7D00376F77 /* CategoryCollectionView.swift in Sources */,
				5B2D0EF32957493800376F77 /* SceneDelegate.swift in Sources */,
				5B2D0F1829574EB900376F77 /* TransactionCell.swift in Sources */,
				5B2D0F1329574AF300376F77 /* MainViewModel.swift in Sources */,
			);
			runOnlyForDeploymentPostprocessing = 0;
		};
/* End PBXSourcesBuildPhase section */

/* Begin PBXVariantGroup section */
		5B2D0EFE2957493B00376F77 /* LaunchScreen.storyboard */ = {
			isa = PBXVariantGroup;
			children = (
				5B2D0EFF2957493B00376F77 /* Base */,
			);
			name = LaunchScreen.storyboard;
			sourceTree = "<group>";
		};
/* End PBXVariantGroup section */

/* Begin XCBuildConfiguration section */
		5B2D0F022957493B00376F77 /* Debug */ = {
			isa = XCBuildConfiguration;
			buildSettings = {
				ALWAYS_SEARCH_USER_PATHS = NO;
				CLANG_ANALYZER_NONNULL = YES;
				CLANG_ANALYZER_NUMBER_OBJECT_CONVERSION = YES_AGGRESSIVE;
				CLANG_CXX_LANGUAGE_STANDARD = "gnu++20";
				CLANG_ENABLE_MODULES = YES;
				CLANG_ENABLE_OBJC_ARC = YES;
				CLANG_ENABLE_OBJC_WEAK = YES;
				CLANG_WARN_BLOCK_CAPTURE_AUTORELEASING = YES;
				CLANG_WARN_BOOL_CONVERSION = YES;
				CLANG_WARN_COMMA = YES;
				CLANG_WARN_CONSTANT_CONVERSION = YES;
				CLANG_WARN_DEPRECATED_OBJC_IMPLEMENTATIONS = YES;
				CLANG_WARN_DIRECT_OBJC_ISA_USAGE = YES_ERROR;
				CLANG_WARN_DOCUMENTATION_COMMENTS = YES;
				CLANG_WARN_EMPTY_BODY = YES;
				CLANG_WARN_ENUM_CONVERSION = YES;
				CLANG_WARN_INFINITE_RECURSION = YES;
				CLANG_WARN_INT_CONVERSION = YES;
				CLANG_WARN_NON_LITERAL_NULL_CONVERSION = YES;
				CLANG_WARN_OBJC_IMPLICIT_RETAIN_SELF = YES;
				CLANG_WARN_OBJC_LITERAL_CONVERSION = YES;
				CLANG_WARN_OBJC_ROOT_CLASS = YES_ERROR;
				CLANG_WARN_QUOTED_INCLUDE_IN_FRAMEWORK_HEADER = YES;
				CLANG_WARN_RANGE_LOOP_ANALYSIS = YES;
				CLANG_WARN_STRICT_PROTOTYPES = YES;
				CLANG_WARN_SUSPICIOUS_MOVE = YES;
				CLANG_WARN_UNGUARDED_AVAILABILITY = YES_AGGRESSIVE;
				CLANG_WARN_UNREACHABLE_CODE = YES;
				CLANG_WARN__DUPLICATE_METHOD_MATCH = YES;
				COPY_PHASE_STRIP = NO;
				DEBUG_INFORMATION_FORMAT = dwarf;
				ENABLE_STRICT_OBJC_MSGSEND = YES;
				ENABLE_TESTABILITY = YES;
				GCC_C_LANGUAGE_STANDARD = gnu11;
				GCC_DYNAMIC_NO_PIC = NO;
				GCC_NO_COMMON_BLOCKS = YES;
				GCC_OPTIMIZATION_LEVEL = 0;
				GCC_PREPROCESSOR_DEFINITIONS = (
					"DEBUG=1",
					"$(inherited)",
				);
				GCC_WARN_64_TO_32_BIT_CONVERSION = YES;
				GCC_WARN_ABOUT_RETURN_TYPE = YES_ERROR;
				GCC_WARN_UNDECLARED_SELECTOR = YES;
				GCC_WARN_UNINITIALIZED_AUTOS = YES_AGGRESSIVE;
				GCC_WARN_UNUSED_FUNCTION = YES;
				GCC_WARN_UNUSED_VARIABLE = YES;
				IPHONEOS_DEPLOYMENT_TARGET = 15.0;
				MTL_ENABLE_DEBUG_INFO = INCLUDE_SOURCE;
				MTL_FAST_MATH = YES;
				ONLY_ACTIVE_ARCH = YES;
				SDKROOT = iphoneos;
				SWIFT_ACTIVE_COMPILATION_CONDITIONS = DEBUG;
				SWIFT_OPTIMIZATION_LEVEL = "-Onone";
			};
			name = Debug;
		};
		5B2D0F032957493B00376F77 /* Release */ = {
			isa = XCBuildConfiguration;
			buildSettings = {
				ALWAYS_SEARCH_USER_PATHS = NO;
				CLANG_ANALYZER_NONNULL = YES;
				CLANG_ANALYZER_NUMBER_OBJECT_CONVERSION = YES_AGGRESSIVE;
				CLANG_CXX_LANGUAGE_STANDARD = "gnu++20";
				CLANG_ENABLE_MODULES = YES;
				CLANG_ENABLE_OBJC_ARC = YES;
				CLANG_ENABLE_OBJC_WEAK = YES;
				CLANG_WARN_BLOCK_CAPTURE_AUTORELEASING = YES;
				CLANG_WARN_BOOL_CONVERSION = YES;
				CLANG_WARN_COMMA = YES;
				CLANG_WARN_CONSTANT_CONVERSION = YES;
				CLANG_WARN_DEPRECATED_OBJC_IMPLEMENTATIONS = YES;
				CLANG_WARN_DIRECT_OBJC_ISA_USAGE = YES_ERROR;
				CLANG_WARN_DOCUMENTATION_COMMENTS = YES;
				CLANG_WARN_EMPTY_BODY = YES;
				CLANG_WARN_ENUM_CONVERSION = YES;
				CLANG_WARN_INFINITE_RECURSION = YES;
				CLANG_WARN_INT_CONVERSION = YES;
				CLANG_WARN_NON_LITERAL_NULL_CONVERSION = YES;
				CLANG_WARN_OBJC_IMPLICIT_RETAIN_SELF = YES;
				CLANG_WARN_OBJC_LITERAL_CONVERSION = YES;
				CLANG_WARN_OBJC_ROOT_CLASS = YES_ERROR;
				CLANG_WARN_QUOTED_INCLUDE_IN_FRAMEWORK_HEADER = YES;
				CLANG_WARN_RANGE_LOOP_ANALYSIS = YES;
				CLANG_WARN_STRICT_PROTOTYPES = YES;
				CLANG_WARN_SUSPICIOUS_MOVE = YES;
				CLANG_WARN_UNGUARDED_AVAILABILITY = YES_AGGRESSIVE;
				CLANG_WARN_UNREACHABLE_CODE = YES;
				CLANG_WARN__DUPLICATE_METHOD_MATCH = YES;
				COPY_PHASE_STRIP = NO;
				DEBUG_INFORMATION_FORMAT = "dwarf-with-dsym";
				ENABLE_NS_ASSERTIONS = NO;
				ENABLE_STRICT_OBJC_MSGSEND = YES;
				GCC_C_LANGUAGE_STANDARD = gnu11;
				GCC_NO_COMMON_BLOCKS = YES;
				GCC_WARN_64_TO_32_BIT_CONVERSION = YES;
				GCC_WARN_ABOUT_RETURN_TYPE = YES_ERROR;
				GCC_WARN_UNDECLARED_SELECTOR = YES;
				GCC_WARN_UNINITIALIZED_AUTOS = YES_AGGRESSIVE;
				GCC_WARN_UNUSED_FUNCTION = YES;
				GCC_WARN_UNUSED_VARIABLE = YES;
				IPHONEOS_DEPLOYMENT_TARGET = 15.0;
				MTL_ENABLE_DEBUG_INFO = NO;
				MTL_FAST_MATH = YES;
				SDKROOT = iphoneos;
				SWIFT_COMPILATION_MODE = wholemodule;
				SWIFT_OPTIMIZATION_LEVEL = "-O";
				VALIDATE_PRODUCT = YES;
			};
			name = Release;
		};
		5B2D0F052957493B00376F77 /* Debug */ = {
			isa = XCBuildConfiguration;
			buildSettings = {
				ASSETCATALOG_COMPILER_APPICON_NAME = AppIcon;
				ASSETCATALOG_COMPILER_GLOBAL_ACCENT_COLOR_NAME = AccentColor;
				CODE_SIGN_STYLE = Automatic;
				CURRENT_PROJECT_VERSION = 1;
				DEVELOPMENT_TEAM = 88H5UYEH5N;
				GENERATE_INFOPLIST_FILE = YES;
				INFOPLIST_FILE = "spendTrack/Supporting files/Info.plist";
				INFOPLIST_KEY_UIApplicationSupportsIndirectInputEvents = YES;
				INFOPLIST_KEY_UILaunchStoryboardName = LaunchScreen;
				INFOPLIST_KEY_UISupportedInterfaceOrientations_iPad = "UIInterfaceOrientationPortrait UIInterfaceOrientationPortraitUpsideDown UIInterfaceOrientationLandscapeLeft UIInterfaceOrientationLandscapeRight";
				INFOPLIST_KEY_UISupportedInterfaceOrientations_iPhone = "UIInterfaceOrientationPortrait UIInterfaceOrientationLandscapeLeft UIInterfaceOrientationLandscapeRight";
				LD_RUNPATH_SEARCH_PATHS = (
					"$(inherited)",
					"@executable_path/Frameworks",
				);
				MARKETING_VERSION = 1.0;
				PRODUCT_BUNDLE_IDENTIFIER = c.spendTrack;
				PRODUCT_NAME = "$(TARGET_NAME)";
				SWIFT_EMIT_LOC_STRINGS = YES;
				SWIFT_VERSION = 5.0;
				TARGETED_DEVICE_FAMILY = "1,2";
			};
			name = Debug;
		};
		5B2D0F062957493B00376F77 /* Release */ = {
			isa = XCBuildConfiguration;
			buildSettings = {
				ASSETCATALOG_COMPILER_APPICON_NAME = AppIcon;
				ASSETCATALOG_COMPILER_GLOBAL_ACCENT_COLOR_NAME = AccentColor;
				CODE_SIGN_STYLE = Automatic;
				CURRENT_PROJECT_VERSION = 1;
				DEVELOPMENT_TEAM = 88H5UYEH5N;
				GENERATE_INFOPLIST_FILE = YES;
				INFOPLIST_FILE = "spendTrack/Supporting files/Info.plist";
				INFOPLIST_KEY_UIApplicationSupportsIndirectInputEvents = YES;
				INFOPLIST_KEY_UILaunchStoryboardName = LaunchScreen;
				INFOPLIST_KEY_UISupportedInterfaceOrientations_iPad = "UIInterfaceOrientationPortrait UIInterfaceOrientationPortraitUpsideDown UIInterfaceOrientationLandscapeLeft UIInterfaceOrientationLandscapeRight";
				INFOPLIST_KEY_UISupportedInterfaceOrientations_iPhone = "UIInterfaceOrientationPortrait UIInterfaceOrientationLandscapeLeft UIInterfaceOrientationLandscapeRight";
				LD_RUNPATH_SEARCH_PATHS = (
					"$(inherited)",
					"@executable_path/Frameworks",
				);
				MARKETING_VERSION = 1.0;
				PRODUCT_BUNDLE_IDENTIFIER = c.spendTrack;
				PRODUCT_NAME = "$(TARGET_NAME)";
				SWIFT_EMIT_LOC_STRINGS = YES;
				SWIFT_VERSION = 5.0;
				TARGETED_DEVICE_FAMILY = "1,2";
			};
			name = Release;
		};
/* End XCBuildConfiguration section */

/* Begin XCConfigurationList section */
		5B2D0EE82957493800376F77 /* Build configuration list for PBXProject "spendTrack" */ = {
			isa = XCConfigurationList;
			buildConfigurations = (
				5B2D0F022957493B00376F77 /* Debug */,
				5B2D0F032957493B00376F77 /* Release */,
			);
			defaultConfigurationIsVisible = 0;
			defaultConfigurationName = Release;
		};
		5B2D0F042957493B00376F77 /* Build configuration list for PBXNativeTarget "spendTrack" */ = {
			isa = XCConfigurationList;
			buildConfigurations = (
				5B2D0F052957493B00376F77 /* Debug */,
				5B2D0F062957493B00376F77 /* Release */,
			);
			defaultConfigurationIsVisible = 0;
			defaultConfigurationName = Release;
		};
/* End XCConfigurationList section */

/* Begin XCVersionGroup section */
		5B2D0EF92957493800376F77 /* spendTrack.xcdatamodeld */ = {
			isa = XCVersionGroup;
			children = (
				5B2D0EFA2957493800376F77 /* spendTrack.xcdatamodel */,
			);
			currentVersion = 5B2D0EFA2957493800376F77 /* spendTrack.xcdatamodel */;
			path = spendTrack.xcdatamodeld;
			sourceTree = "<group>";
			versionGroupType = wrapper.xcdatamodel;
		};
/* End XCVersionGroup section */
	};
	rootObject = 5B2D0EE52957493800376F77 /* Project object */;
}
